PODS:
  - FBSnapshotTestCase (2.1.4):
    - FBSnapshotTestCase/SwiftSupport (= 2.1.4)
  - FBSnapshotTestCase/Core (2.1.4)
  - FBSnapshotTestCase/SwiftSupport (2.1.4):
    - FBSnapshotTestCase/Core
  - MyLibrary (0.1.0)

DEPENDENCIES:
  - FBSnapshotTestCase (~> 2.1.4)
  - MyLibrary (from `../`)

EXTERNAL SOURCES:
  MyLibrary:
    :path: ../

SPEC CHECKSUMS:
  FBSnapshotTestCase: 094f9f314decbabe373b87cc339bea235a63e07a
  MyLibrary: 3f503f9367ef7e3423e20b146b540447b0ea2d30

PODFILE CHECKSUM: b71289d772fa7bac9a543bf4c44d6ed95c0f0e44

COCOAPODS: 1.3.1
